
Microsoft Visual Studio Solution File, Format Version 12.00
# Visual Studio 14
VisualStudioVersion = 14.0.25123.0
MinimumVisualStudioVersion = 10.0.40219.1
Project("{FAE04EC0-301F-11D3-BF4B-00C04F79EFBC}") = "Katas", "Katas.csproj", "{665DFB5E-8C7A-4FAF-AD59-C555AACC1E3F}"
EndProject
Project("{2150E333-8FDC-42A3-9474-1A3956D46DE8}") = "Descriptions", "Descriptions", "{0708B39B-DC7D-4D3D-934A-9971F2AF50C3}"
	ProjectSection(SolutionItems) = preProject
		..\..\descriptions\bowling.md = ..\..\descriptions\bowling.md
		..\..\descriptions\fizzbuzz.md = ..\..\descriptions\fizzbuzz.md
		..\..\descriptions\gilded_rose.md = ..\..\descriptions\gilded_rose.md
		..\..\descriptions\roman_numeral_calculator.md = ..\..\descriptions\roman_numeral_calculator.md
		..\..\descriptions\string_calculator.md = ..\..\descriptions\string_calculator.md
		..\..\descriptions\string_calculator2.md = ..\..\descriptions\string_calculator2.md
		..\..\descriptions\string_calculator3.md = ..\..\descriptions\string_calculator3.md
		..\..\descriptions\string_calculator4.md = ..\..\descriptions\string_calculator4.md
		..\..\descriptions\string_calculator5.md = ..\..\descriptions\string_calculator5.md
		..\..\descriptions\string_calculator6.md = ..\..\descriptions\string_calculator6.md
		..\..\descriptions\string_calculator7.md = ..\..\descriptions\string_calculator7.md
		..\..\descriptions\trivia_scorer.md = ..\..\descriptions\trivia_scorer.md
		..\..\descriptions\trivia_scorer2.md = ..\..\descriptions\trivia_scorer2.md
		..\..\descriptions\trivia_scorer3.md = ..\..\descriptions\trivia_scorer3.md
		..\..\descriptions\trivia_scorer4.md = ..\..\descriptions\trivia_scorer4.md
		..\..\descriptions\trivia_scorer5.md = ..\..\descriptions\trivia_scorer5.md
		..\..\descriptions\trivia_scorer6.md = ..\..\descriptions\trivia_scorer6.md
		..\..\descriptions\trivia_scorer7.md = ..\..\descriptions\trivia_scorer7.md
		..\..\descriptions\trivia_scorer8.md = ..\..\descriptions\trivia_scorer8.md
	EndProjectSection
EndProject
Project("{2150E333-8FDC-42A3-9474-1A3956D46DE8}") = "Misc", "Misc", "{F81A43C5-1201-4ADA-9513-A2B4DEBAE000}"
	ProjectSection(SolutionItems) = preProject
		..\..\.gitattributes = ..\..\.gitattributes
		..\..\.gitignore = ..\..\.gitignore
		..\..\README.md = ..\..\README.md
		..\README.md = ..\README.md
	EndProjectSection
EndProject
Global
	GlobalSection(SolutionConfigurationPlatforms) = preSolution
		Debug|Any CPU = Debug|Any CPU
		Release|Any CPU = Release|Any CPU
	EndGlobalSection
	GlobalSection(ProjectConfigurationPlatforms) = postSolution
		{665DFB5E-8C7A-4FAF-AD59-C555AACC1E3F}.Debug|Any CPU.ActiveCfg = Debug|Any CPU
		{665DFB5E-8C7A-4FAF-AD59-C555AACC1E3F}.Debug|Any CPU.Build.0 = Debug|Any CPU
		{665DFB5E-8C7A-4FAF-AD59-C555AACC1E3F}.Release|Any CPU.ActiveCfg = Release|Any CPU
		{665DFB5E-8C7A-4FAF-AD59-C555AACC1E3F}.Release|Any CPU.Build.0 = Release|Any CPU
	EndGlobalSection
	GlobalSection(SolutionProperties) = preSolution
		HideSolutionNode = FALSE
	EndGlobalSection
EndGlobal
